
Microsoft Visual Studio Solution File, Format Version 12.00
# Visual Studio Version 17
VisualStudioVersion = 17.7.34031.279
MinimumVisualStudioVersion = 10.0.40219.1
Project("{FAE04EC0-301F-11D3-BF4B-00C04F79EFBC}") = "213043Exser04_Lab4", "213043Exser04_Lab4\213043Exser04_Lab4.csproj", "{5EAF4681-ECCF-4727-B2A5-ECF7BCC550DC}"
EndProject
Global
	GlobalSection(SolutionConfigurationPlatforms) = preSolution
		Debug|Any CPU = Debug|Any CPU
		Release|Any CPU = Release|Any CPU
	EndGlobalSection
	GlobalSection(ProjectConfigurationPlatforms) = postSolution
		{5EAF4681-ECCF-4727-B2A5-ECF7BCC550DC}.Debug|Any CPU.ActiveCfg = Debug|Any CPU
		{5EAF4681-ECCF-4727-B2A5-ECF7BCC550DC}.Debug|Any CPU.Build.0 = Debug|Any CPU
		{5EAF4681-ECCF-4727-B2A5-ECF7BCC550DC}.Release|Any CPU.ActiveCfg = Release|Any CPU
		{5EAF4681-ECCF-4727-B2A5-ECF7BCC550DC}.Release|Any CPU.Build.0 = Release|Any CPU
	EndGlobalSection
	GlobalSection(SolutionProperties) = preSolution
		HideSolutionNode = FALSE
	EndGlobalSection
	GlobalSection(ExtensibilityGlobals) = postSolution
		SolutionGuid = {849D0EDA-9F40-4BF8-BCEF-F7E6CDF9AAF5}
	EndGlobalSection
EndGlobal
