
Microsoft Visual Studio Solution File, Format Version 12.00
# Visual Studio Version 17
VisualStudioVersion = 17.7.34031.279
MinimumVisualStudioVersion = 10.0.40219.1
Project("{FAE04EC0-301F-11D3-BF4B-00C04F79EFBC}") = "213043Exser02_Lab4", "213043Exser02_Lab4\213043Exser02_Lab4.csproj", "{AAFB798B-6FD2-4AEF-AC49-44D7C5328D3E}"
EndProject
Global
	GlobalSection(SolutionConfigurationPlatforms) = preSolution
		Debug|Any CPU = Debug|Any CPU
		Release|Any CPU = Release|Any CPU
	EndGlobalSection
	GlobalSection(ProjectConfigurationPlatforms) = postSolution
		{AAFB798B-6FD2-4AEF-AC49-44D7C5328D3E}.Debug|Any CPU.ActiveCfg = Debug|Any CPU
		{AAFB798B-6FD2-4AEF-AC49-44D7C5328D3E}.Debug|Any CPU.Build.0 = Debug|Any CPU
		{AAFB798B-6FD2-4AEF-AC49-44D7C5328D3E}.Release|Any CPU.ActiveCfg = Release|Any CPU
		{AAFB798B-6FD2-4AEF-AC49-44D7C5328D3E}.Release|Any CPU.Build.0 = Release|Any CPU
	EndGlobalSection
	GlobalSection(SolutionProperties) = preSolution
		HideSolutionNode = FALSE
	EndGlobalSection
	GlobalSection(ExtensibilityGlobals) = postSolution
		SolutionGuid = {899CE2F2-8546-47D8-9A1B-75762433362F}
	EndGlobalSection
EndGlobal
